{
  "originHash" : "62f19400b28609a92f5b16335d5bd4a55915350a0ebd4041e54f2cb74562e1e1",
  "pins" : [
    {
      "identity" : "alamofire",
      "kind" : "remoteSourceControl",
      "location" : "https://github.com/Alamofire/Alamofire",
      "state" : {
        "revision" : "7be73f6c2b5cd90e40798b06ebd5da8f9f79cf88",
        "version" : "5.11.0"
      }
    },
    {
      "identity" : "keijibancommonmodule",
      "kind" : "remoteSourceControl",
      "location" : "https://github.com/bookii/KeijibanCommonModule.git",
      "state" : {
        "revision" : "685a3918e9944e188bfd8b1dc6121be34f2b69cc",
        "version" : "0.1.21"
      }
    }
  ],
  "version" : 3
}
